
Microsoft Visual Studio Solution File, Format Version 12.00
# Visual Studio Version 16
VisualStudioVersion = 16.0.31515.178
MinimumVisualStudioVersion = 10.0.40219.1
Project("{9A19103F-16F7-4668-BE54-9A1E7A4F7556}") = "UserRegistration", "UserRegistration\UserRegistration.csproj", "{27DBB624-6C5C-4F89-89E2-7EABD8B6A938}"
EndProject
Project("{FAE04EC0-301F-11D3-BF4B-00C04F79EFBC}") = "UnitTestProject", "UnitTestProject\UnitTestProject.csproj", "{5DCFA3C7-E802-4CB0-8D0C-E7AF9598BB24}"
EndProject
Global
	GlobalSection(SolutionConfigurationPlatforms) = preSolution
		Debug|Any CPU = Debug|Any CPU
		Release|Any CPU = Release|Any CPU
	EndGlobalSection
	GlobalSection(ProjectConfigurationPlatforms) = postSolution
		{27DBB624-6C5C-4F89-89E2-7EABD8B6A938}.Debug|Any CPU.ActiveCfg = Debug|Any CPU
		{27DBB624-6C5C-4F89-89E2-7EABD8B6A938}.Debug|Any CPU.Build.0 = Debug|Any CPU
		{27DBB624-6C5C-4F89-89E2-7EABD8B6A938}.Release|Any CPU.ActiveCfg = Release|Any CPU
		{27DBB624-6C5C-4F89-89E2-7EABD8B6A938}.Release|Any CPU.Build.0 = Release|Any CPU
		{5DCFA3C7-E802-4CB0-8D0C-E7AF9598BB24}.Debug|Any CPU.ActiveCfg = Debug|Any CPU
		{5DCFA3C7-E802-4CB0-8D0C-E7AF9598BB24}.Debug|Any CPU.Build.0 = Debug|Any CPU
		{5DCFA3C7-E802-4CB0-8D0C-E7AF9598BB24}.Release|Any CPU.ActiveCfg = Release|Any CPU
		{5DCFA3C7-E802-4CB0-8D0C-E7AF9598BB24}.Release|Any CPU.Build.0 = Release|Any CPU
	EndGlobalSection
	GlobalSection(SolutionProperties) = preSolution
		HideSolutionNode = FALSE
	EndGlobalSection
	GlobalSection(ExtensibilityGlobals) = postSolution
		SolutionGuid = {5FE3BB9F-D5C0-4A29-AB06-76727452DE89}
	EndGlobalSection
EndGlobal
